
Microsoft Visual Studio Solution File, Format Version 12.00
# Visual Studio Version 17
VisualStudioVersion = 17.2.32630.192
MinimumVisualStudioVersion = 10.0.40219.1
Project("{9A19103F-16F7-4668-BE54-9A1E7A4F7556}") = "F10Y.T0006.Construction", "F10Y.T0006.Construction\F10Y.T0006.Construction.csproj", "{0B146BAD-7C7B-44CF-8D2A-7DA2F7825260}"
EndProject
Project("{9A19103F-16F7-4668-BE54-9A1E7A4F7556}") = "F10Y.T0006", "F10Y.T0006\F10Y.T0006.csproj", "{B010C132-EE24-490C-89CD-AE6C0F508FDF}"
EndProject
Global
	GlobalSection(SolutionConfigurationPlatforms) = preSolution
		Debug|Any CPU = Debug|Any CPU
		Release|Any CPU = Release|Any CPU
	EndGlobalSection
	GlobalSection(ProjectConfigurationPlatforms) = postSolution
		{0B146BAD-7C7B-44CF-8D2A-7DA2F7825260}.Debug|Any CPU.ActiveCfg = Debug|Any CPU
		{0B146BAD-7C7B-44CF-8D2A-7DA2F7825260}.Debug|Any CPU.Build.0 = Debug|Any CPU
		{0B146BAD-7C7B-44CF-8D2A-7DA2F7825260}.Release|Any CPU.ActiveCfg = Release|Any CPU
		{0B146BAD-7C7B-44CF-8D2A-7DA2F7825260}.Release|Any CPU.Build.0 = Release|Any CPU
		{B010C132-EE24-490C-89CD-AE6C0F508FDF}.Debug|Any CPU.ActiveCfg = Debug|Any CPU
		{B010C132-EE24-490C-89CD-AE6C0F508FDF}.Debug|Any CPU.Build.0 = Debug|Any CPU
		{B010C132-EE24-490C-89CD-AE6C0F508FDF}.Release|Any CPU.ActiveCfg = Release|Any CPU
		{B010C132-EE24-490C-89CD-AE6C0F508FDF}.Release|Any CPU.Build.0 = Release|Any CPU
	EndGlobalSection
	GlobalSection(SolutionProperties) = preSolution
		HideSolutionNode = FALSE
	EndGlobalSection
	GlobalSection(ExtensibilityGlobals) = postSolution
		SolutionGuid = {0F0C30A0-2354-4EFA-812C-8F2C77EA2596}
	EndGlobalSection
EndGlobal
